
Microsoft Visual Studio Solution File, Format Version 12.00
# Visual Studio Version 16
VisualStudioVersion = 16.0.30907.101
MinimumVisualStudioVersion = 10.0.40219.1
Project("{9A19103F-16F7-4668-BE54-9A1E7A4F7556}") = "DataAccess", "DataAccess\DataAccess.csproj", "{078E1AA8-7F2C-46FB-8AE2-F981AEDE135B}"
EndProject
Project("{FAE04EC0-301F-11D3-BF4B-00C04F79EFBC}") = "Business", "Business\Business.csproj", "{F9F9B91D-B217-492C-9C54-B2F72C10AE39}"
EndProject
Project("{FAE04EC0-301F-11D3-BF4B-00C04F79EFBC}") = "Entities", "Entities\Entities.csproj", "{8703E0E1-73B2-4583-85D3-3C5A88912968}"
EndProject
Project("{FAE04EC0-301F-11D3-BF4B-00C04F79EFBC}") = "ConsoleUI", "ConsoleUI\ConsoleUI.csproj", "{C161112E-D0AC-45E0-83EA-608A4B81163F}"
EndProject
Global
	GlobalSection(SolutionConfigurationPlatforms) = preSolution
		Debug|Any CPU = Debug|Any CPU
		Release|Any CPU = Release|Any CPU
	EndGlobalSection
	GlobalSection(ProjectConfigurationPlatforms) = postSolution
		{078E1AA8-7F2C-46FB-8AE2-F981AEDE135B}.Debug|Any CPU.ActiveCfg = Debug|Any CPU
		{078E1AA8-7F2C-46FB-8AE2-F981AEDE135B}.Debug|Any CPU.Build.0 = Debug|Any CPU
		{078E1AA8-7F2C-46FB-8AE2-F981AEDE135B}.Release|Any CPU.ActiveCfg = Release|Any CPU
		{078E1AA8-7F2C-46FB-8AE2-F981AEDE135B}.Release|Any CPU.Build.0 = Release|Any CPU
		{F9F9B91D-B217-492C-9C54-B2F72C10AE39}.Debug|Any CPU.ActiveCfg = Debug|Any CPU
		{F9F9B91D-B217-492C-9C54-B2F72C10AE39}.Debug|Any CPU.Build.0 = Debug|Any CPU
		{F9F9B91D-B217-492C-9C54-B2F72C10AE39}.Release|Any CPU.ActiveCfg = Release|Any CPU
		{F9F9B91D-B217-492C-9C54-B2F72C10AE39}.Release|Any CPU.Build.0 = Release|Any CPU
		{8703E0E1-73B2-4583-85D3-3C5A88912968}.Debug|Any CPU.ActiveCfg = Debug|Any CPU
		{8703E0E1-73B2-4583-85D3-3C5A88912968}.Debug|Any CPU.Build.0 = Debug|Any CPU
		{8703E0E1-73B2-4583-85D3-3C5A88912968}.Release|Any CPU.ActiveCfg = Release|Any CPU
		{8703E0E1-73B2-4583-85D3-3C5A88912968}.Release|Any CPU.Build.0 = Release|Any CPU
		{C161112E-D0AC-45E0-83EA-608A4B81163F}.Debug|Any CPU.ActiveCfg = Debug|Any CPU
		{C161112E-D0AC-45E0-83EA-608A4B81163F}.Debug|Any CPU.Build.0 = Debug|Any CPU
		{C161112E-D0AC-45E0-83EA-608A4B81163F}.Release|Any CPU.ActiveCfg = Release|Any CPU
		{C161112E-D0AC-45E0-83EA-608A4B81163F}.Release|Any CPU.Build.0 = Release|Any CPU
	EndGlobalSection
	GlobalSection(SolutionProperties) = preSolution
		HideSolutionNode = FALSE
	EndGlobalSection
	GlobalSection(ExtensibilityGlobals) = postSolution
		SolutionGuid = {D4571FE0-9BD1-4CB9-97DD-B3AC9015D5CE}
	EndGlobalSection
EndGlobal
